
Microsoft Visual Studio Solution File, Format Version 12.00
# Visual Studio Version 17
VisualStudioVersion = 17.2.32630.192
MinimumVisualStudioVersion = 10.0.40219.1
Project("{9A19103F-16F7-4668-BE54-9A1E7A4F7556}") = "R5T.F0106.Construction", "R5T.F0106.Construction\R5T.F0106.Construction.csproj", "{6226436C-7BC6-4C18-B342-7E57BA77B20F}"
EndProject
Project("{9A19103F-16F7-4668-BE54-9A1E7A4F7556}") = "R5T.F0106", "R5T.F0106\R5T.F0106.csproj", "{7685CFE0-1489-4417-973C-E23E95E75A5C}"
EndProject
Project("{2150E333-8FDC-42A3-9474-1A3956D46DE8}") = "_Dependencies", "_Dependencies", "{878DF2ED-8FED-4B40-892C-43361524D8CC}"
EndProject
Project("{9A19103F-16F7-4668-BE54-9A1E7A4F7556}") = "R5T.T0131", "..\..\R5T.T0131\source\R5T.T0131\R5T.T0131.csproj", "{FBECCC00-3F1C-4350-BC70-0FEB4E742B19}"
EndProject
Project("{9A19103F-16F7-4668-BE54-9A1E7A4F7556}") = "R5T.T0132", "..\..\R5T.T0132\source\R5T.T0132\R5T.T0132.csproj", "{5F0643B7-2DEF-4D24-8AE1-43F27AA795B8}"
EndProject
Project("{9A19103F-16F7-4668-BE54-9A1E7A4F7556}") = "R5T.T0143", "..\..\R5T.T0143\source\R5T.T0143\R5T.T0143.csproj", "{BE3C0152-3E13-4997-B065-501D794015F6}"
EndProject
Project("{9A19103F-16F7-4668-BE54-9A1E7A4F7556}") = "R5T.T0150", "..\..\R5T.T0150\source\R5T.T0150\R5T.T0150.csproj", "{1F275A01-84EC-4D00-BF45-F49DA7B62F0C}"
EndProject
Project("{9A19103F-16F7-4668-BE54-9A1E7A4F7556}") = "R5T.T0151", "..\..\R5T.T0151\source\R5T.T0151\R5T.T0151.csproj", "{43CFA6C8-4352-4B93-9416-7E3CFECE888B}"
EndProject
Project("{9A19103F-16F7-4668-BE54-9A1E7A4F7556}") = "R5T.T0161", "..\..\R5T.T0161\source\R5T.T0161\R5T.T0161.csproj", "{DBCC4889-D0FE-4A34-A7FE-AD9280FDBC70}"
EndProject
Project("{9A19103F-16F7-4668-BE54-9A1E7A4F7556}") = "R5T.Z0031", "..\..\R5T.Z0031\source\R5T.Z0031\R5T.Z0031.csproj", "{46AF4E75-AF3D-4B87-8A5B-B7C893CF951C}"
EndProject
Project("{9A19103F-16F7-4668-BE54-9A1E7A4F7556}") = "R5T.F0000", "..\..\R5T.F0000\source\R5T.F0000\R5T.F0000.csproj", "{48F2768E-EDC6-4673-B83F-32DFC4159611}"
EndProject
Project("{9A19103F-16F7-4668-BE54-9A1E7A4F7556}") = "R5T.T0142", "..\..\R5T.T0142\source\R5T.T0142\R5T.T0142.csproj", "{63E5F299-829B-42B2-A9B3-685796C76A45}"
EndProject
Project("{9A19103F-16F7-4668-BE54-9A1E7A4F7556}") = "R5T.T0156", "..\..\R5T.T0156\source\R5T.T0156\R5T.T0156.csproj", "{B4FDB754-F336-4358-9F23-946385DB13D8}"
EndProject
Project("{9A19103F-16F7-4668-BE54-9A1E7A4F7556}") = "R5T.T0162.Z000", "..\..\R5T.T0162\source\R5T.T0162.Z000\R5T.T0162.Z000.csproj", "{E77BB779-3C82-4E4F-8BEA-A927053F0C8D}"
EndProject
Project("{9A19103F-16F7-4668-BE54-9A1E7A4F7556}") = "R5T.Y0000", "..\..\R5T.Y0000\source\R5T.Y0000\R5T.Y0000.csproj", "{B9B3CCEA-BAE4-401A-9124-61CC7C0490C2}"
EndProject
Project("{9A19103F-16F7-4668-BE54-9A1E7A4F7556}") = "R5T.Z0000", "..\..\R5T.Z0000\source\R5T.Z0000\R5T.Z0000.csproj", "{9AC432B7-E22E-44F0-9017-34724A1A2FDE}"
EndProject
Project("{9A19103F-16F7-4668-BE54-9A1E7A4F7556}") = "R5T.T0162.F001", "..\..\R5T.T0162\source\R5T.T0162.F001\R5T.T0162.F001.csproj", "{080FB3A5-9F2E-44AF-AB51-F3E9408CB335}"
EndProject
Project("{9A19103F-16F7-4668-BE54-9A1E7A4F7556}") = "R5T.T0161.Z001", "..\..\R5T.T0161\source\R5T.T0161.Z001\R5T.T0161.Z001.csproj", "{BB2BA765-BB43-4614-B326-67ACD778926A}"
EndProject
Project("{9A19103F-16F7-4668-BE54-9A1E7A4F7556}") = "R5T.Z0029", "..\..\R5T.Z0029\source\R5T.Z0029\R5T.Z0029.csproj", "{7EE60B35-4328-487E-8765-290EEFFFC615}"
EndProject
Project("{9A19103F-16F7-4668-BE54-9A1E7A4F7556}") = "R5T.T0178", "..\..\R5T.T0178\source\R5T.T0178\R5T.T0178.csproj", "{0A18AA65-3B5D-466B-A1D2-D5BAA66EF57A}"
EndProject
Project("{9A19103F-16F7-4668-BE54-9A1E7A4F7556}") = "R5T.T0179", "..\..\R5T.T0179\source\R5T.T0179\R5T.T0179.csproj", "{FD7F22F6-A2BA-43AB-A8E6-7448C89DC04E}"
EndProject
Global
	GlobalSection(NestedProjects) = preSolution
		{FBECCC00-3F1C-4350-BC70-0FEB4E742B19} = {878DF2ED-8FED-4B40-892C-43361524D8CC}
		{5F0643B7-2DEF-4D24-8AE1-43F27AA795B8} = {878DF2ED-8FED-4B40-892C-43361524D8CC}
		{BE3C0152-3E13-4997-B065-501D794015F6} = {878DF2ED-8FED-4B40-892C-43361524D8CC}
		{1F275A01-84EC-4D00-BF45-F49DA7B62F0C} = {878DF2ED-8FED-4B40-892C-43361524D8CC}
		{43CFA6C8-4352-4B93-9416-7E3CFECE888B} = {878DF2ED-8FED-4B40-892C-43361524D8CC}
		{DBCC4889-D0FE-4A34-A7FE-AD9280FDBC70} = {878DF2ED-8FED-4B40-892C-43361524D8CC}
		{46AF4E75-AF3D-4B87-8A5B-B7C893CF951C} = {878DF2ED-8FED-4B40-892C-43361524D8CC}
		{48F2768E-EDC6-4673-B83F-32DFC4159611} = {878DF2ED-8FED-4B40-892C-43361524D8CC}
		{63E5F299-829B-42B2-A9B3-685796C76A45} = {878DF2ED-8FED-4B40-892C-43361524D8CC}
		{B4FDB754-F336-4358-9F23-946385DB13D8} = {878DF2ED-8FED-4B40-892C-43361524D8CC}
		{E77BB779-3C82-4E4F-8BEA-A927053F0C8D} = {878DF2ED-8FED-4B40-892C-43361524D8CC}
		{B9B3CCEA-BAE4-401A-9124-61CC7C0490C2} = {878DF2ED-8FED-4B40-892C-43361524D8CC}
		{9AC432B7-E22E-44F0-9017-34724A1A2FDE} = {878DF2ED-8FED-4B40-892C-43361524D8CC}
		{080FB3A5-9F2E-44AF-AB51-F3E9408CB335} = {878DF2ED-8FED-4B40-892C-43361524D8CC}
		{BB2BA765-BB43-4614-B326-67ACD778926A} = {878DF2ED-8FED-4B40-892C-43361524D8CC}
		{7EE60B35-4328-487E-8765-290EEFFFC615} = {878DF2ED-8FED-4B40-892C-43361524D8CC}
		{0A18AA65-3B5D-466B-A1D2-D5BAA66EF57A} = {878DF2ED-8FED-4B40-892C-43361524D8CC}
		{FD7F22F6-A2BA-43AB-A8E6-7448C89DC04E} = {878DF2ED-8FED-4B40-892C-43361524D8CC}
	EndGlobalSection
	GlobalSection(SolutionConfigurationPlatforms) = preSolution
		Debug|Any CPU = Debug|Any CPU
		Release|Any CPU = Release|Any CPU
	EndGlobalSection
	GlobalSection(ProjectConfigurationPlatforms) = postSolution
		{6226436C-7BC6-4C18-B342-7E57BA77B20F}.Debug|Any CPU.ActiveCfg = Debug|Any CPU
		{6226436C-7BC6-4C18-B342-7E57BA77B20F}.Debug|Any CPU.Build.0 = Debug|Any CPU
		{6226436C-7BC6-4C18-B342-7E57BA77B20F}.Release|Any CPU.ActiveCfg = Release|Any CPU
		{6226436C-7BC6-4C18-B342-7E57BA77B20F}.Release|Any CPU.Build.0 = Release|Any CPU
		{7685CFE0-1489-4417-973C-E23E95E75A5C}.Debug|Any CPU.ActiveCfg = Debug|Any CPU
		{7685CFE0-1489-4417-973C-E23E95E75A5C}.Debug|Any CPU.Build.0 = Debug|Any CPU
		{7685CFE0-1489-4417-973C-E23E95E75A5C}.Release|Any CPU.ActiveCfg = Release|Any CPU
		{7685CFE0-1489-4417-973C-E23E95E75A5C}.Release|Any CPU.Build.0 = Release|Any CPU
		{FBECCC00-3F1C-4350-BC70-0FEB4E742B19}.Debug|Any CPU.ActiveCfg = Debug|Any CPU
		{FBECCC00-3F1C-4350-BC70-0FEB4E742B19}.Debug|Any CPU.Build.0 = Debug|Any CPU
		{FBECCC00-3F1C-4350-BC70-0FEB4E742B19}.Release|Any CPU.ActiveCfg = Release|Any CPU
		{FBECCC00-3F1C-4350-BC70-0FEB4E742B19}.Release|Any CPU.Build.0 = Release|Any CPU
		{5F0643B7-2DEF-4D24-8AE1-43F27AA795B8}.Debug|Any CPU.ActiveCfg = Debug|Any CPU
		{5F0643B7-2DEF-4D24-8AE1-43F27AA795B8}.Debug|Any CPU.Build.0 = Debug|Any CPU
		{5F0643B7-2DEF-4D24-8AE1-43F27AA795B8}.Release|Any CPU.ActiveCfg = Release|Any CPU
		{5F0643B7-2DEF-4D24-8AE1-43F27AA795B8}.Release|Any CPU.Build.0 = Release|Any CPU
		{BE3C0152-3E13-4997-B065-501D794015F6}.Debug|Any CPU.ActiveCfg = Debug|Any CPU
		{BE3C0152-3E13-4997-B065-501D794015F6}.Debug|Any CPU.Build.0 = Debug|Any CPU
		{BE3C0152-3E13-4997-B065-501D794015F6}.Release|Any CPU.ActiveCfg = Release|Any CPU
		{BE3C0152-3E13-4997-B065-501D794015F6}.Release|Any CPU.Build.0 = Release|Any CPU
		{1F275A01-84EC-4D00-BF45-F49DA7B62F0C}.Debug|Any CPU.ActiveCfg = Debug|Any CPU
		{1F275A01-84EC-4D00-BF45-F49DA7B62F0C}.Debug|Any CPU.Build.0 = Debug|Any CPU
		{1F275A01-84EC-4D00-BF45-F49DA7B62F0C}.Release|Any CPU.ActiveCfg = Release|Any CPU
		{1F275A01-84EC-4D00-BF45-F49DA7B62F0C}.Release|Any CPU.Build.0 = Release|Any CPU
		{43CFA6C8-4352-4B93-9416-7E3CFECE888B}.Debug|Any CPU.ActiveCfg = Debug|Any CPU
		{43CFA6C8-4352-4B93-9416-7E3CFECE888B}.Debug|Any CPU.Build.0 = Debug|Any CPU
		{43CFA6C8-4352-4B93-9416-7E3CFECE888B}.Release|Any CPU.ActiveCfg = Release|Any CPU
		{43CFA6C8-4352-4B93-9416-7E3CFECE888B}.Release|Any CPU.Build.0 = Release|Any CPU
		{DBCC4889-D0FE-4A34-A7FE-AD9280FDBC70}.Debug|Any CPU.ActiveCfg = Debug|Any CPU
		{DBCC4889-D0FE-4A34-A7FE-AD9280FDBC70}.Debug|Any CPU.Build.0 = Debug|Any CPU
		{DBCC4889-D0FE-4A34-A7FE-AD9280FDBC70}.Release|Any CPU.ActiveCfg = Release|Any CPU
		{DBCC4889-D0FE-4A34-A7FE-AD9280FDBC70}.Release|Any CPU.Build.0 = Release|Any CPU
		{46AF4E75-AF3D-4B87-8A5B-B7C893CF951C}.Debug|Any CPU.ActiveCfg = Debug|Any CPU
		{46AF4E75-AF3D-4B87-8A5B-B7C893CF951C}.Debug|Any CPU.Build.0 = Debug|Any CPU
		{46AF4E75-AF3D-4B87-8A5B-B7C893CF951C}.Release|Any CPU.ActiveCfg = Release|Any CPU
		{46AF4E75-AF3D-4B87-8A5B-B7C893CF951C}.Release|Any CPU.Build.0 = Release|Any CPU
		{48F2768E-EDC6-4673-B83F-32DFC4159611}.Debug|Any CPU.ActiveCfg = Debug|Any CPU
		{48F2768E-EDC6-4673-B83F-32DFC4159611}.Debug|Any CPU.Build.0 = Debug|Any CPU
		{48F2768E-EDC6-4673-B83F-32DFC4159611}.Release|Any CPU.ActiveCfg = Release|Any CPU
		{48F2768E-EDC6-4673-B83F-32DFC4159611}.Release|Any CPU.Build.0 = Release|Any CPU
		{63E5F299-829B-42B2-A9B3-685796C76A45}.Debug|Any CPU.ActiveCfg = Debug|Any CPU
		{63E5F299-829B-42B2-A9B3-685796C76A45}.Debug|Any CPU.Build.0 = Debug|Any CPU
		{63E5F299-829B-42B2-A9B3-685796C76A45}.Release|Any CPU.ActiveCfg = Release|Any CPU
		{63E5F299-829B-42B2-A9B3-685796C76A45}.Release|Any CPU.Build.0 = Release|Any CPU
		{B4FDB754-F336-4358-9F23-946385DB13D8}.Debug|Any CPU.ActiveCfg = Debug|Any CPU
		{B4FDB754-F336-4358-9F23-946385DB13D8}.Debug|Any CPU.Build.0 = Debug|Any CPU
		{B4FDB754-F336-4358-9F23-946385DB13D8}.Release|Any CPU.ActiveCfg = Release|Any CPU
		{B4FDB754-F336-4358-9F23-946385DB13D8}.Release|Any CPU.Build.0 = Release|Any CPU
		{E77BB779-3C82-4E4F-8BEA-A927053F0C8D}.Debug|Any CPU.ActiveCfg = Debug|Any CPU
		{E77BB779-3C82-4E4F-8BEA-A927053F0C8D}.Debug|Any CPU.Build.0 = Debug|Any CPU
		{E77BB779-3C82-4E4F-8BEA-A927053F0C8D}.Release|Any CPU.ActiveCfg = Release|Any CPU
		{E77BB779-3C82-4E4F-8BEA-A927053F0C8D}.Release|Any CPU.Build.0 = Release|Any CPU
		{B9B3CCEA-BAE4-401A-9124-61CC7C0490C2}.Debug|Any CPU.ActiveCfg = Debug|Any CPU
		{B9B3CCEA-BAE4-401A-9124-61CC7C0490C2}.Debug|Any CPU.Build.0 = Debug|Any CPU
		{B9B3CCEA-BAE4-401A-9124-61CC7C0490C2}.Release|Any CPU.ActiveCfg = Release|Any CPU
		{B9B3CCEA-BAE4-401A-9124-61CC7C0490C2}.Release|Any CPU.Build.0 = Release|Any CPU
		{9AC432B7-E22E-44F0-9017-34724A1A2FDE}.Debug|Any CPU.ActiveCfg = Debug|Any CPU
		{9AC432B7-E22E-44F0-9017-34724A1A2FDE}.Debug|Any CPU.Build.0 = Debug|Any CPU
		{9AC432B7-E22E-44F0-9017-34724A1A2FDE}.Release|Any CPU.ActiveCfg = Release|Any CPU
		{9AC432B7-E22E-44F0-9017-34724A1A2FDE}.Release|Any CPU.Build.0 = Release|Any CPU
		{080FB3A5-9F2E-44AF-AB51-F3E9408CB335}.Debug|Any CPU.ActiveCfg = Debug|Any CPU
		{080FB3A5-9F2E-44AF-AB51-F3E9408CB335}.Debug|Any CPU.Build.0 = Debug|Any CPU
		{080FB3A5-9F2E-44AF-AB51-F3E9408CB335}.Release|Any CPU.ActiveCfg = Release|Any CPU
		{080FB3A5-9F2E-44AF-AB51-F3E9408CB335}.Release|Any CPU.Build.0 = Release|Any CPU
		{BB2BA765-BB43-4614-B326-67ACD778926A}.Debug|Any CPU.ActiveCfg = Debug|Any CPU
		{BB2BA765-BB43-4614-B326-67ACD778926A}.Debug|Any CPU.Build.0 = Debug|Any CPU
		{BB2BA765-BB43-4614-B326-67ACD778926A}.Release|Any CPU.ActiveCfg = Release|Any CPU
		{BB2BA765-BB43-4614-B326-67ACD778926A}.Release|Any CPU.Build.0 = Release|Any CPU
		{7EE60B35-4328-487E-8765-290EEFFFC615}.Debug|Any CPU.ActiveCfg = Debug|Any CPU
		{7EE60B35-4328-487E-8765-290EEFFFC615}.Debug|Any CPU.Build.0 = Debug|Any CPU
		{7EE60B35-4328-487E-8765-290EEFFFC615}.Release|Any CPU.ActiveCfg = Release|Any CPU
		{7EE60B35-4328-487E-8765-290EEFFFC615}.Release|Any CPU.Build.0 = Release|Any CPU
		{0A18AA65-3B5D-466B-A1D2-D5BAA66EF57A}.Debug|Any CPU.ActiveCfg = Debug|Any CPU
		{0A18AA65-3B5D-466B-A1D2-D5BAA66EF57A}.Debug|Any CPU.Build.0 = Debug|Any CPU
		{0A18AA65-3B5D-466B-A1D2-D5BAA66EF57A}.Release|Any CPU.ActiveCfg = Release|Any CPU
		{0A18AA65-3B5D-466B-A1D2-D5BAA66EF57A}.Release|Any CPU.Build.0 = Release|Any CPU
		{FD7F22F6-A2BA-43AB-A8E6-7448C89DC04E}.Debug|Any CPU.ActiveCfg = Debug|Any CPU
		{FD7F22F6-A2BA-43AB-A8E6-7448C89DC04E}.Debug|Any CPU.Build.0 = Debug|Any CPU
		{FD7F22F6-A2BA-43AB-A8E6-7448C89DC04E}.Release|Any CPU.ActiveCfg = Release|Any CPU
		{FD7F22F6-A2BA-43AB-A8E6-7448C89DC04E}.Release|Any CPU.Build.0 = Release|Any CPU
	EndGlobalSection
	GlobalSection(SolutionProperties) = preSolution
		HideSolutionNode = FALSE
	EndGlobalSection
	GlobalSection(ExtensibilityGlobals) = postSolution
		SolutionGuid = {37D2A29B-C1E7-464E-8F3A-3312CF317444}
	EndGlobalSection
EndGlobal
